{
  "version": 4,
  "terraform_version": "1.3.7",
  "serial": 58,
  "lineage": "fb420b7d-968b-19da-d96e-7e4ebee3c0a0",
  "outputs": {},
  "resources": [
    {
      "mode": "managed",
      "type": "aws_vpc",
      "name": "chatapp-vpc",
      "provider": "provider[\"registry.terraform.io/hashicorp/aws\"]",
      "instances": [
        {
          "schema_version": 1,
          "attributes": {
            "arn": "arn:aws:ec2:us-east-1:877260080063:vpc/vpc-0774d93c23a83ffee",
            "assign_generated_ipv6_cidr_block": false,
            "cidr_block": "10.0.0.0/16",
            "default_network_acl_id": "acl-00ce551ce4fc5df5e",
            "default_route_table_id": "rtb-00fc08017db22893e",
            "default_security_group_id": "sg-0ce91c43e9bfa4104",
            "dhcp_options_id": "dopt-037e191f7f89fe4f4",
            "enable_classiclink": false,
            "enable_classiclink_dns_support": false,
            "enable_dns_hostnames": true,
            "enable_dns_support": true,
            "enable_network_address_usage_metrics": false,
            "id": "vpc-0774d93c23a83ffee",
            "instance_tenancy": "default",
            "ipv4_ipam_pool_id": null,
            "ipv4_netmask_length": null,
            "ipv6_association_id": "",
            "ipv6_cidr_block": "",
            "ipv6_cidr_block_network_border_group": "",
            "ipv6_ipam_pool_id": "",
            "ipv6_netmask_length": 0,
            "main_route_table_id": "rtb-00fc08017db22893e",
            "owner_id": "877260080063",
            "tags": {
              "Name": "chatapp-vpc"
            },
            "tags_all": {
              "Name": "chatapp-vpc"
            }
          },
          "sensitive_attributes": [],
          "private": "eyJzY2hlbWFfdmVyc2lvbiI6IjEifQ=="
        }
      ]
    }
  ],
  "check_results": null
}
